
Microsoft Visual Studio Solution File, Format Version 12.00
# Visual Studio 2013
VisualStudioVersion = 12.0.31101.0
MinimumVisualStudioVersion = 10.0.40219.1
Project("{FAE04EC0-301F-11D3-BF4B-00C04F79EFBC}") = "HelloMobileClient", "HelloMobileClient.csproj", "{927A9E53-D2C2-4DEE-9C41-564CC6526F25}"
EndProject
Global
	GlobalSection(SolutionConfigurationPlatforms) = preSolution
		Debug|Any CPU = Debug|Any CPU
		Debug|ARM = Debug|ARM
		Debug|x86 = Debug|x86
		Release|Any CPU = Release|Any CPU
		Release|ARM = Release|ARM
		Release|x86 = Release|x86
	EndGlobalSection
	GlobalSection(ProjectConfigurationPlatforms) = postSolution
		{927A9E53-D2C2-4DEE-9C41-564CC6526F25}.Debug|Any CPU.ActiveCfg = Debug|Any CPU
		{927A9E53-D2C2-4DEE-9C41-564CC6526F25}.Debug|Any CPU.Build.0 = Debug|Any CPU
		{927A9E53-D2C2-4DEE-9C41-564CC6526F25}.Debug|Any CPU.Deploy.0 = Debug|Any CPU
		{927A9E53-D2C2-4DEE-9C41-564CC6526F25}.Debug|ARM.ActiveCfg = Debug|ARM
		{927A9E53-D2C2-4DEE-9C41-564CC6526F25}.Debug|ARM.Build.0 = Debug|ARM
		{927A9E53-D2C2-4DEE-9C41-564CC6526F25}.Debug|ARM.Deploy.0 = Debug|ARM
		{927A9E53-D2C2-4DEE-9C41-564CC6526F25}.Debug|x86.ActiveCfg = Debug|x86
		{927A9E53-D2C2-4DEE-9C41-564CC6526F25}.Debug|x86.Build.0 = Debug|x86
		{927A9E53-D2C2-4DEE-9C41-564CC6526F25}.Debug|x86.Deploy.0 = Debug|x86
		{927A9E53-D2C2-4DEE-9C41-564CC6526F25}.Release|Any CPU.ActiveCfg = Release|Any CPU
		{927A9E53-D2C2-4DEE-9C41-564CC6526F25}.Release|Any CPU.Build.0 = Release|Any CPU
		{927A9E53-D2C2-4DEE-9C41-564CC6526F25}.Release|Any CPU.Deploy.0 = Release|Any CPU
		{927A9E53-D2C2-4DEE-9C41-564CC6526F25}.Release|ARM.ActiveCfg = Release|ARM
		{927A9E53-D2C2-4DEE-9C41-564CC6526F25}.Release|ARM.Build.0 = Release|ARM
		{927A9E53-D2C2-4DEE-9C41-564CC6526F25}.Release|ARM.Deploy.0 = Release|ARM
		{927A9E53-D2C2-4DEE-9C41-564CC6526F25}.Release|x86.ActiveCfg = Release|x86
		{927A9E53-D2C2-4DEE-9C41-564CC6526F25}.Release|x86.Build.0 = Release|x86
		{927A9E53-D2C2-4DEE-9C41-564CC6526F25}.Release|x86.Deploy.0 = Release|x86
	EndGlobalSection
	GlobalSection(SolutionProperties) = preSolution
		HideSolutionNode = FALSE
	EndGlobalSection
EndGlobal
