
Microsoft Visual Studio Solution File, Format Version 12.00
# Visual Studio 2013
VisualStudioVersion = 12.0.31101.0
MinimumVisualStudioVersion = 10.0.40219.1
Project("{FAE04EC0-301F-11D3-BF4B-00C04F79EFBC}") = "OpenServerWindowsClient", "OpenServerWindowsClient\OpenServerWindowsClient.csproj", "{957CED10-8357-4482-AD88-6B75CE20B254}"
EndProject
Project("{FAE04EC0-301F-11D3-BF4B-00C04F79EFBC}") = "TestClient", "TestClient\TestClient.csproj", "{CE72A69B-C8CF-43BF-B172-E5F162835727}"
EndProject
Global
	GlobalSection(SolutionConfigurationPlatforms) = preSolution
		Debug|Any CPU = Debug|Any CPU
		Release|Any CPU = Release|Any CPU
	EndGlobalSection
	GlobalSection(ProjectConfigurationPlatforms) = postSolution
		{957CED10-8357-4482-AD88-6B75CE20B254}.Debug|Any CPU.ActiveCfg = Debug|Any CPU
		{957CED10-8357-4482-AD88-6B75CE20B254}.Debug|Any CPU.Build.0 = Debug|Any CPU
		{957CED10-8357-4482-AD88-6B75CE20B254}.Release|Any CPU.ActiveCfg = Release|Any CPU
		{957CED10-8357-4482-AD88-6B75CE20B254}.Release|Any CPU.Build.0 = Release|Any CPU
		{CE72A69B-C8CF-43BF-B172-E5F162835727}.Debug|Any CPU.ActiveCfg = Debug|Any CPU
		{CE72A69B-C8CF-43BF-B172-E5F162835727}.Debug|Any CPU.Build.0 = Debug|Any CPU
		{CE72A69B-C8CF-43BF-B172-E5F162835727}.Release|Any CPU.ActiveCfg = Release|Any CPU
		{CE72A69B-C8CF-43BF-B172-E5F162835727}.Release|Any CPU.Build.0 = Release|Any CPU
	EndGlobalSection
	GlobalSection(SolutionProperties) = preSolution
		HideSolutionNode = FALSE
	EndGlobalSection
EndGlobal
